// !$*UTF8*$!
{
	archiveVersion = 1;
	classes = {
	};
	objectVersion = 50;
	objects = {

/* Begin PBXBuildFile section */
		3F468EAC24CE6BBA006E0448 /* AppDelegate.swift in Sources */ = {isa = PBXBuildFile; fileRef = 3F468EAB24CE6BBA006E0448 /* AppDelegate.swift */; };
		3F468EAE24CE6BBA006E0448 /* SceneDelegate.swift in Sources */ = {isa = PBXBuildFile; fileRef = 3F468EAD24CE6BBA006E0448 /* SceneDelegate.swift */; };
		3F468EB024CE6BBA006E0448 /* MoodRecordsTableViewController.swift in Sources */ = {isa = PBXBuildFile; fileRef = 3F468EAF24CE6BBA006E0448 /* MoodRecordsTableViewController.swift */; };
		3F468EB224CE6BBA006E0448 /* ReportsViewController.swift in Sources */ = {isa = PBXBuildFile; fileRef = 3F468EB124CE6BBA006E0448 /* ReportsViewController.swift */; };
		3F468EB524CE6BBA006E0448 /* Main.storyboard in Resources */ = {isa = PBXBuildFile; fileRef = 3F468EB324CE6BBA006E0448 /* Main.storyboard */; };
		3F468EB824CE6BBA006E0448 /* Moody.xcdatamodeld in Sources */ = {isa = PBXBuildFile; fileRef = 3F468EB624CE6BBA006E0448 /* Moody.xcdatamodeld */; };
		3F468EBA24CE6BBC006E0448 /* Assets.xcassets in Resources */ = {isa = PBXBuildFile; fileRef = 3F468EB924CE6BBC006E0448 /* Assets.xcassets */; };
		3F468EBD24CE6BBC006E0448 /* LaunchScreen.storyboard in Resources */ = {isa = PBXBuildFile; fileRef = 3F468EBB24CE6BBC006E0448 /* LaunchScreen.storyboard */; };
		3F5BABC724D25DB7000966C6 /* MoodDictionaries.swift in Sources */ = {isa = PBXBuildFile; fileRef = 3F5BABC624D25DB7000966C6 /* MoodDictionaries.swift */; };
		3F769F6224D5E752007D6753 /* MoodRecordTableViewCell.swift in Sources */ = {isa = PBXBuildFile; fileRef = 3F769F6124D5E752007D6753 /* MoodRecordTableViewCell.swift */; };
		3F789B2224D3B079006E4E88 /* MoodRecordViewController.swift in Sources */ = {isa = PBXBuildFile; fileRef = 3F789B2124D3B079006E4E88 /* MoodRecordViewController.swift */; };
		5E3244A7CED8B0395898BB17 /* Pods_Moody.framework in Frameworks */ = {isa = PBXBuildFile; fileRef = 745223FB21BEBC60BE1A9F97 /* Pods_Moody.framework */; };
/* End PBXBuildFile section */

/* Begin PBXFileReference section */
		3F468EA824CE6BBA006E0448 /* Moody.app */ = {isa = PBXFileReference; explicitFileType = wrapper.application; includeInIndex = 0; path = Moody.app; sourceTree = BUILT_PRODUCTS_DIR; };
		3F468EAB24CE6BBA006E0448 /* AppDelegate.swift */ = {isa = PBXFileReference; lastKnownFileType = sourcecode.swift; path = AppDelegate.swift; sourceTree = "<group>"; };
		3F468EAD24CE6BBA006E0448 /* SceneDelegate.swift */ = {isa = PBXFileReference; lastKnownFileType = sourcecode.swift; path = SceneDelegate.swift; sourceTree = "<group>"; };
		3F468EAF24CE6BBA006E0448 /* MoodRecordsTableViewController.swift */ = {isa = PBXFileReference; lastKnownFileType = sourcecode.swift; path = MoodRecordsTableViewController.swift; sourceTree = "<group>"; };
		3F468EB124CE6BBA006E0448 /* ReportsViewController.swift */ = {isa = PBXFileReference; lastKnownFileType = sourcecode.swift; path = ReportsViewController.swift; sourceTree = "<group>"; };
		3F468EB424CE6BBA006E0448 /* Base */ = {isa = PBXFileReference; lastKnownFileType = file.storyboard; name = Base; path = Base.lproj/Main.storyboard; sourceTree = "<group>"; };
		3F468EB724CE6BBA006E0448 /* Moody.xcdatamodel */ = {isa = PBXFileReference; lastKnownFileType = wrapper.xcdatamodel; path = Moody.xcdatamodel; sourceTree = "<group>"; };
		3F468EB924CE6BBC006E0448 /* Assets.xcassets */ = {isa = PBXFileReference; lastKnownFileType = folder.assetcatalog; path = Assets.xcassets; sourceTree = "<group>"; };
		3F468EBC24CE6BBC006E0448 /* Base */ = {isa = PBXFileReference; lastKnownFileType = file.storyboard; name = Base; path = Base.lproj/LaunchScreen.storyboard; sourceTree = "<group>"; };
		3F468EBE24CE6BBC006E0448 /* Info.plist */ = {isa = PBXFileReference; lastKnownFileType = text.plist.xml; path = Info.plist; sourceTree = "<group>"; };
		3F5BABC624D25DB7000966C6 /* MoodDictionaries.swift */ = {isa = PBXFileReference; lastKnownFileType = sourcecode.swift; path = MoodDictionaries.swift; sourceTree = "<group>"; };
		3F769F6124D5E752007D6753 /* MoodRecordTableViewCell.swift */ = {isa = PBXFileReference; lastKnownFileType = sourcecode.swift; path = MoodRecordTableViewCell.swift; sourceTree = "<group>"; };
		3F789B2124D3B079006E4E88 /* MoodRecordViewController.swift */ = {isa = PBXFileReference; lastKnownFileType = sourcecode.swift; path = MoodRecordViewController.swift; sourceTree = "<group>"; };
		519345C37EFFF23BCC04DBE7 /* Pods-Moody.release.xcconfig */ = {isa = PBXFileReference; includeInIndex = 1; lastKnownFileType = text.xcconfig; name = "Pods-Moody.release.xcconfig"; path = "Target Support Files/Pods-Moody/Pods-Moody.release.xcconfig"; sourceTree = "<group>"; };
		745223FB21BEBC60BE1A9F97 /* Pods_Moody.framework */ = {isa = PBXFileReference; explicitFileType = wrapper.framework; includeInIndex = 0; path = Pods_Moody.framework; sourceTree = BUILT_PRODUCTS_DIR; };
		DA899D9A66984D95F0313086 /* Pods-Moody.debug.xcconfig */ = {isa = PBXFileReference; includeInIndex = 1; lastKnownFileType = text.xcconfig; name = "Pods-Moody.debug.xcconfig"; path = "Target Support Files/Pods-Moody/Pods-Moody.debug.xcconfig"; sourceTree = "<group>"; };
/* End PBXFileReference section */

/* Begin PBXFrameworksBuildPhase section */
		3F468EA524CE6BBA006E0448 /* Frameworks */ = {
			isa = PBXFrameworksBuildPhase;
			buildActionMask = 2147483647;
			files = (
				5E3244A7CED8B0395898BB17 /* Pods_Moody.framework in Frameworks */,
			);
			runOnlyForDeploymentPostprocessing = 0;
		};
/* End PBXFrameworksBuildPhase section */

/* Begin PBXGroup section */
		1071CCE22369C4E36DECC6CC /* Pods */ = {
			isa = PBXGroup;
			children = (
				DA899D9A66984D95F0313086 /* Pods-Moody.debug.xcconfig */,
				519345C37EFFF23BCC04DBE7 /* Pods-Moody.release.xcconfig */,
			);
			name = Pods;
			path = Pods;
			sourceTree = "<group>";
		};
		3F468E9F24CE6BBA006E0448 = {
			isa = PBXGroup;
			children = (
				3F468EAA24CE6BBA006E0448 /* Moody */,
				3F468EA924CE6BBA006E0448 /* Products */,
				1071CCE22369C4E36DECC6CC /* Pods */,
				44EFDADCD9B3A52A56585668 /* Frameworks */,
			);
			sourceTree = "<group>";
		};
		3F468EA924CE6BBA006E0448 /* Products */ = {
			isa = PBXGroup;
			children = (
				3F468EA824CE6BBA006E0448 /* Moody.app */,
			);
			name = Products;
			sourceTree = "<group>";
		};
		3F468EAA24CE6BBA006E0448 /* Moody */ = {
			isa = PBXGroup;
			children = (
				3F468EAB24CE6BBA006E0448 /* AppDelegate.swift */,
				3F468EAD24CE6BBA006E0448 /* SceneDelegate.swift */,
				3F468EAF24CE6BBA006E0448 /* MoodRecordsTableViewController.swift */,
				3F789B2124D3B079006E4E88 /* MoodRecordViewController.swift */,
				3F468EB124CE6BBA006E0448 /* ReportsViewController.swift */,
				3F769F6124D5E752007D6753 /* MoodRecordTableViewCell.swift */,
				3F5BABC624D25DB7000966C6 /* MoodDictionaries.swift */,
				3F468EB324CE6BBA006E0448 /* Main.storyboard */,
				3F468EB924CE6BBC006E0448 /* Assets.xcassets */,
				3F468EBB24CE6BBC006E0448 /* LaunchScreen.storyboard */,
				3F468EBE24CE6BBC006E0448 /* Info.plist */,
				3F468EB624CE6BBA006E0448 /* Moody.xcdatamodeld */,
			);
			path = Moody;
			sourceTree = "<group>";
		};
		44EFDADCD9B3A52A56585668 /* Frameworks */ = {
			isa = PBXGroup;
			children = (
				745223FB21BEBC60BE1A9F97 /* Pods_Moody.framework */,
			);
			name = Frameworks;
			sourceTree = "<group>";
		};
/* End PBXGroup section */

/* Begin PBXNativeTarget section */
		3F468EA724CE6BBA006E0448 /* Moody */ = {
			isa = PBXNativeTarget;
			buildConfigurationList = 3F468EC124CE6BBC006E0448 /* Build configuration list for PBXNativeTarget "Moody" */;
			buildPhases = (
				C51F96B72C37AF7D09C0DF08 /* [CP] Check Pods Manifest.lock */,
				3F468EA424CE6BBA006E0448 /* Sources */,
				3F468EA524CE6BBA006E0448 /* Frameworks */,
				3F468EA624CE6BBA006E0448 /* Resources */,
				E2788C67A19EC0958D43EACE /* [CP] Embed Pods Frameworks */,
			);
			buildRules = (
			);
			dependencies = (
			);
			name = Moody;
			productName = Moody;
			productReference = 3F468EA824CE6BBA006E0448 /* Moody.app */;
			productType = "com.apple.product-type.application";
		};
/* End PBXNativeTarget section */

/* Begin PBXProject section */
		3F468EA024CE6BBA006E0448 /* Project object */ = {
			isa = PBXProject;
			attributes = {
				LastSwiftUpdateCheck = 1160;
				LastUpgradeCheck = 1160;
				ORGANIZATIONNAME = "Peyton Gasink";
				TargetAttributes = {
					3F468EA724CE6BBA006E0448 = {
						CreatedOnToolsVersion = 11.6;
					};
				};
			};
			buildConfigurationList = 3F468EA324CE6BBA006E0448 /* Build configuration list for PBXProject "Moody" */;
			compatibilityVersion = "Xcode 9.3";
			developmentRegion = en;
			hasScannedForEncodings = 0;
			knownRegions = (
				en,
				Base,
			);
			mainGroup = 3F468E9F24CE6BBA006E0448;
			productRefGroup = 3F468EA924CE6BBA006E0448 /* Products */;
			projectDirPath = "";
			projectRoot = "";
			targets = (
				3F468EA724CE6BBA006E0448 /* Moody */,
			);
		};
/* End PBXProject section */

/* Begin PBXResourcesBuildPhase section */
		3F468EA624CE6BBA006E0448 /* Resources */ = {
			isa = PBXResourcesBuildPhase;
			buildActionMask = 2147483647;
			files = (
				3F468EBD24CE6BBC006E0448 /* LaunchScreen.storyboard in Resources */,
				3F468EBA24CE6BBC006E0448 /* Assets.xcassets in Resources */,
				3F468EB524CE6BBA006E0448 /* Main.storyboard in Resources */,
			);
			runOnlyForDeploymentPostprocessing = 0;
		};
/* End PBXResourcesBuildPhase section */

/* Begin PBXShellScriptBuildPhase section */
		C51F96B72C37AF7D09C0DF08 /* [CP] Check Pods Manifest.lock */ = {
			isa = PBXShellScriptBuildPhase;
			buildActionMask = 2147483647;
			files = (
			);
			inputFileListPaths = (
			);
			inputPaths = (
				"${PODS_PODFILE_DIR_PATH}/Podfile.lock",
				"${PODS_ROOT}/Manifest.lock",
			);
			name = "[CP] Check Pods Manifest.lock";
			outputFileListPaths = (
			);
			outputPaths = (
				"$(DERIVED_FILE_DIR)/Pods-Moody-checkManifestLockResult.txt",
			);
			runOnlyForDeploymentPostprocessing = 0;
			shellPath = /bin/sh;
			shellScript = "diff \"${PODS_PODFILE_DIR_PATH}/Podfile.lock\" \"${PODS_ROOT}/Manifest.lock\" > /dev/null\nif [ $? != 0 ] ; then\n    # print error to STDERR\n    echo \"error: The sandbox is not in sync with the Podfile.lock. Run 'pod install' or update your CocoaPods installation.\" >&2\n    exit 1\nfi\n# This output is used by Xcode 'outputs' to avoid re-running this script phase.\necho \"SUCCESS\" > \"${SCRIPT_OUTPUT_FILE_0}\"\n";
			showEnvVarsInLog = 0;
		};
		E2788C67A19EC0958D43EACE /* [CP] Embed Pods Frameworks */ = {
			isa = PBXShellScriptBuildPhase;
			buildActionMask = 2147483647;
			files = (
			);
			inputFileListPaths = (
				"${PODS_ROOT}/Target Support Files/Pods-Moody/Pods-Moody-frameworks-${CONFIGURATION}-input-files.xcfilelist",
			);
			name = "[CP] Embed Pods Frameworks";
			outputFileListPaths = (
				"${PODS_ROOT}/Target Support Files/Pods-Moody/Pods-Moody-frameworks-${CONFIGURATION}-output-files.xcfilelist",
			);
			runOnlyForDeploymentPostprocessing = 0;
			shellPath = /bin/sh;
			shellScript = "\"${PODS_ROOT}/Target Support Files/Pods-Moody/Pods-Moody-frameworks.sh\"\n";
			showEnvVarsInLog = 0;
		};
/* End PBXShellScriptBuildPhase section */

/* Begin PBXSourcesBuildPhase section */
		3F468EA424CE6BBA006E0448 /* Sources */ = {
			isa = PBXSourcesBuildPhase;
			buildActionMask = 2147483647;
			files = (
				3F468EB224CE6BBA006E0448 /* ReportsViewController.swift in Sources */,
				3F769F6224D5E752007D6753 /* MoodRecordTableViewCell.swift in Sources */,
				3F468EB824CE6BBA006E0448 /* Moody.xcdatamodeld in Sources */,
				3F468EB024CE6BBA006E0448 /* MoodRecordsTableViewController.swift in Sources */,
				3F468EAC24CE6BBA006E0448 /* AppDelegate.swift in Sources */,
				3F5BABC724D25DB7000966C6 /* MoodDictionaries.swift in Sources */,
				3F468EAE24CE6BBA006E0448 /* SceneDelegate.swift in Sources */,
				3F789B2224D3B079006E4E88 /* MoodRecordViewController.swift in Sources */,
			);
			runOnlyForDeploymentPostprocessing = 0;
		};
/* End PBXSourcesBuildPhase section */

/* Begin PBXVariantGroup section */
		3F468EB324CE6BBA006E0448 /* Main.storyboard */ = {
			isa = PBXVariantGroup;
			children = (
				3F468EB424CE6BBA006E0448 /* Base */,
			);
			name = Main.storyboard;
			sourceTree = "<group>";
		};
		3F468EBB24CE6BBC006E0448 /* LaunchScreen.storyboard */ = {
			isa = PBXVariantGroup;
			children = (
				3F468EBC24CE6BBC006E0448 /* Base */,
			);
			name = LaunchScreen.storyboard;
			sourceTree = "<group>";
		};
/* End PBXVariantGroup section */

/* Begin XCBuildConfiguration section */
		3F468EBF24CE6BBC006E0448 /* Debug */ = {
			isa = XCBuildConfiguration;
			buildSettings = {
				ALWAYS_SEARCH_USER_PATHS = NO;
				CLANG_ANALYZER_NONNULL = YES;
				CLANG_ANALYZER_NUMBER_OBJECT_CONVERSION = YES_AGGRESSIVE;
				CLANG_CXX_LANGUAGE_STANDARD = "gnu++14";
				CLANG_CXX_LIBRARY = "libc++";
				CLANG_ENABLE_MODULES = YES;
				CLANG_ENABLE_OBJC_ARC = YES;
				CLANG_ENABLE_OBJC_WEAK = YES;
				CLANG_WARN_BLOCK_CAPTURE_AUTORELEASING = YES;
				CLANG_WARN_BOOL_CONVERSION = YES;
				CLANG_WARN_COMMA = YES;
				CLANG_WARN_CONSTANT_CONVERSION = YES;
				CLANG_WARN_DEPRECATED_OBJC_IMPLEMENTATIONS = YES;
				CLANG_WARN_DIRECT_OBJC_ISA_USAGE = YES_ERROR;
				CLANG_WARN_DOCUMENTATION_COMMENTS = YES;
				CLANG_WARN_EMPTY_BODY = YES;
				CLANG_WARN_ENUM_CONVERSION = YES;
				CLANG_WARN_INFINITE_RECURSION = YES;
				CLANG_WARN_INT_CONVERSION = YES;
				CLANG_WARN_NON_LITERAL_NULL_CONVERSION = YES;
				CLANG_WARN_OBJC_IMPLICIT_RETAIN_SELF = YES;
				CLANG_WARN_OBJC_LITERAL_CONVERSION = YES;
				CLANG_WARN_OBJC_ROOT_CLASS = YES_ERROR;
				CLANG_WARN_RANGE_LOOP_ANALYSIS = YES;
				CLANG_WARN_STRICT_PROTOTYPES = YES;
				CLANG_WARN_SUSPICIOUS_MOVE = YES;
				CLANG_WARN_UNGUARDED_AVAILABILITY = YES_AGGRESSIVE;
				CLANG_WARN_UNREACHABLE_CODE = YES;
				CLANG_WARN__DUPLICATE_METHOD_MATCH = YES;
				COPY_PHASE_STRIP = NO;
				DEBUG_INFORMATION_FORMAT = dwarf;
				ENABLE_STRICT_OBJC_MSGSEND = YES;
				ENABLE_TESTABILITY = YES;
				GCC_C_LANGUAGE_STANDARD = gnu11;
				GCC_DYNAMIC_NO_PIC = NO;
				GCC_NO_COMMON_BLOCKS = YES;
				GCC_OPTIMIZATION_LEVEL = 0;
				GCC_PREPROCESSOR_DEFINITIONS = (
					"DEBUG=1",
					"$(inherited)",
				);
				GCC_WARN_64_TO_32_BIT_CONVERSION = YES;
				GCC_WARN_ABOUT_RETURN_TYPE = YES_ERROR;
				GCC_WARN_UNDECLARED_SELECTOR = YES;
				GCC_WARN_UNINITIALIZED_AUTOS = YES_AGGRESSIVE;
				GCC_WARN_UNUSED_FUNCTION = YES;
				GCC_WARN_UNUSED_VARIABLE = YES;
				IPHONEOS_DEPLOYMENT_TARGET = 13.6;
				MTL_ENABLE_DEBUG_INFO = INCLUDE_SOURCE;
				MTL_FAST_MATH = YES;
				ONLY_ACTIVE_ARCH = YES;
				SDKROOT = iphoneos;
				SWIFT_ACTIVE_COMPILATION_CONDITIONS = DEBUG;
				SWIFT_OPTIMIZATION_LEVEL = "-Onone";
			};
			name = Debug;
		};
		3F468EC024CE6BBC006E0448 /* Release */ = {
			isa = XCBuildConfiguration;
			buildSettings = {
				ALWAYS_SEARCH_USER_PATHS = NO;
				CLANG_ANALYZER_NONNULL = YES;
				CLANG_ANALYZER_NUMBER_OBJECT_CONVERSION = YES_AGGRESSIVE;
				CLANG_CXX_LANGUAGE_STANDARD = "gnu++14";
				CLANG_CXX_LIBRARY = "libc++";
				CLANG_ENABLE_MODULES = YES;
				CLANG_ENABLE_OBJC_ARC = YES;
				CLANG_ENABLE_OBJC_WEAK = YES;
				CLANG_WARN_BLOCK_CAPTURE_AUTORELEASING = YES;
				CLANG_WARN_BOOL_CONVERSION = YES;
				CLANG_WARN_COMMA = YES;
				CLANG_WARN_CONSTANT_CONVERSION = YES;
				CLANG_WARN_DEPRECATED_OBJC_IMPLEMENTATIONS = YES;
				CLANG_WARN_DIRECT_OBJC_ISA_USAGE = YES_ERROR;
				CLANG_WARN_DOCUMENTATION_COMMENTS = YES;
				CLANG_WARN_EMPTY_BODY = YES;
				CLANG_WARN_ENUM_CONVERSION = YES;
				CLANG_WARN_INFINITE_RECURSION = YES;
				CLANG_WARN_INT_CONVERSION = YES;
				CLANG_WARN_NON_LITERAL_NULL_CONVERSION = YES;
				CLANG_WARN_OBJC_IMPLICIT_RETAIN_SELF = YES;
				CLANG_WARN_OBJC_LITERAL_CONVERSION = YES;
				CLANG_WARN_OBJC_ROOT_CLASS = YES_ERROR;
				CLANG_WARN_RANGE_LOOP_ANALYSIS = YES;
				CLANG_WARN_STRICT_PROTOTYPES = YES;
				CLANG_WARN_SUSPICIOUS_MOVE = YES;
				CLANG_WARN_UNGUARDED_AVAILABILITY = YES_AGGRESSIVE;
				CLANG_WARN_UNREACHABLE_CODE = YES;
				CLANG_WARN__DUPLICATE_METHOD_MATCH = YES;
				COPY_PHASE_STRIP = NO;
				DEBUG_INFORMATION_FORMAT = "dwarf-with-dsym";
				ENABLE_NS_ASSERTIONS = NO;
				ENABLE_STRICT_OBJC_MSGSEND = YES;
				GCC_C_LANGUAGE_STANDARD = gnu11;
				GCC_NO_COMMON_BLOCKS = YES;
				GCC_WARN_64_TO_32_BIT_CONVERSION = YES;
				GCC_WARN_ABOUT_RETURN_TYPE = YES_ERROR;
				GCC_WARN_UNDECLARED_SELECTOR = YES;
				GCC_WARN_UNINITIALIZED_AUTOS = YES_AGGRESSIVE;
				GCC_WARN_UNUSED_FUNCTION = YES;
				GCC_WARN_UNUSED_VARIABLE = YES;
				IPHONEOS_DEPLOYMENT_TARGET = 13.6;
				MTL_ENABLE_DEBUG_INFO = NO;
				MTL_FAST_MATH = YES;
				SDKROOT = iphoneos;
				SWIFT_COMPILATION_MODE = wholemodule;
				SWIFT_OPTIMIZATION_LEVEL = "-O";
				VALIDATE_PRODUCT = YES;
			};
			name = Release;
		};
		3F468EC224CE6BBC006E0448 /* Debug */ = {
			isa = XCBuildConfiguration;
			baseConfigurationReference = DA899D9A66984D95F0313086 /* Pods-Moody.debug.xcconfig */;
			buildSettings = {
				ASSETCATALOG_COMPILER_APPICON_NAME = AppIcon;
				CODE_SIGN_STYLE = Automatic;
				DEVELOPMENT_TEAM = H2SYUG96L9;
				INFOPLIST_FILE = Moody/Info.plist;
				LD_RUNPATH_SEARCH_PATHS = (
					"$(inherited)",
					"@executable_path/Frameworks",
				);
				PRODUCT_BUNDLE_IDENTIFIER = com.peytongasink.Moody;
				PRODUCT_NAME = "$(TARGET_NAME)";
				SWIFT_VERSION = 5.0;
				TARGETED_DEVICE_FAMILY = "1,2";
			};
			name = Debug;
		};
		3F468EC324CE6BBC006E0448 /* Release */ = {
			isa = XCBuildConfiguration;
			baseConfigurationReference = 519345C37EFFF23BCC04DBE7 /* Pods-Moody.release.xcconfig */;
			buildSettings = {
				ASSETCATALOG_COMPILER_APPICON_NAME = AppIcon;
				CODE_SIGN_STYLE = Automatic;
				DEVELOPMENT_TEAM = H2SYUG96L9;
				INFOPLIST_FILE = Moody/Info.plist;
				LD_RUNPATH_SEARCH_PATHS = (
					"$(inherited)",
					"@executable_path/Frameworks",
				);
				PRODUCT_BUNDLE_IDENTIFIER = com.peytongasink.Moody;
				PRODUCT_NAME = "$(TARGET_NAME)";
				SWIFT_VERSION = 5.0;
				TARGETED_DEVICE_FAMILY = "1,2";
			};
			name = Release;
		};
/* End XCBuildConfiguration section */

/* Begin XCConfigurationList section */
		3F468EA324CE6BBA006E0448 /* Build configuration list for PBXProject "Moody" */ = {
			isa = XCConfigurationList;
			buildConfigurations = (
				3F468EBF24CE6BBC006E0448 /* Debug */,
				3F468EC024CE6BBC006E0448 /* Release */,
			);
			defaultConfigurationIsVisible = 0;
			defaultConfigurationName = Release;
		};
		3F468EC124CE6BBC006E0448 /* Build configuration list for PBXNativeTarget "Moody" */ = {
			isa = XCConfigurationList;
			buildConfigurations = (
				3F468EC224CE6BBC006E0448 /* Debug */,
				3F468EC324CE6BBC006E0448 /* Release */,
			);
			defaultConfigurationIsVisible = 0;
			defaultConfigurationName = Release;
		};
/* End XCConfigurationList section */

/* Begin XCVersionGroup section */
		3F468EB624CE6BBA006E0448 /* Moody.xcdatamodeld */ = {
			isa = XCVersionGroup;
			children = (
				3F468EB724CE6BBA006E0448 /* Moody.xcdatamodel */,
			);
			currentVersion = 3F468EB724CE6BBA006E0448 /* Moody.xcdatamodel */;
			path = Moody.xcdatamodeld;
			sourceTree = "<group>";
			versionGroupType = wrapper.xcdatamodel;
		};
/* End XCVersionGroup section */
	};
	rootObject = 3F468EA024CE6BBA006E0448 /* Project object */;
}
